
Microsoft Visual Studio Solution File, Format Version 12.00
# Visual Studio Version 17
VisualStudioVersion = 17.4.33122.133
MinimumVisualStudioVersion = 10.0.40219.1
Project("{2150E333-8FDC-42A3-9474-1A3956D46DE8}") = "Services", "Services", "{2056F1F1-7776-4C34-BA77-73DF4A8AF8CD}"
EndProject
Project("{2150E333-8FDC-42A3-9474-1A3956D46DE8}") = "Catalog", "Catalog", "{ED5B0DA1-4200-4D53-B58B-4751834BB37A}"
EndProject
Project("{FAE04EC0-301F-11D3-BF4B-00C04F79EFBC}") = "Catalog.API", "Services\Catalog\Catalog.API\Catalog.API.csproj", "{F5AE7738-C640-4362-B5CA-6A4F5B408223}"
EndProject
Global
	GlobalSection(SolutionConfigurationPlatforms) = preSolution
		Debug|Any CPU = Debug|Any CPU
		Release|Any CPU = Release|Any CPU
	EndGlobalSection
	GlobalSection(ProjectConfigurationPlatforms) = postSolution
		{F5AE7738-C640-4362-B5CA-6A4F5B408223}.Debug|Any CPU.ActiveCfg = Debug|Any CPU
		{F5AE7738-C640-4362-B5CA-6A4F5B408223}.Debug|Any CPU.Build.0 = Debug|Any CPU
		{F5AE7738-C640-4362-B5CA-6A4F5B408223}.Release|Any CPU.ActiveCfg = Release|Any CPU
		{F5AE7738-C640-4362-B5CA-6A4F5B408223}.Release|Any CPU.Build.0 = Release|Any CPU
	EndGlobalSection
	GlobalSection(SolutionProperties) = preSolution
		HideSolutionNode = FALSE
	EndGlobalSection
	GlobalSection(NestedProjects) = preSolution
		{ED5B0DA1-4200-4D53-B58B-4751834BB37A} = {2056F1F1-7776-4C34-BA77-73DF4A8AF8CD}
		{F5AE7738-C640-4362-B5CA-6A4F5B408223} = {ED5B0DA1-4200-4D53-B58B-4751834BB37A}
	EndGlobalSection
	GlobalSection(ExtensibilityGlobals) = postSolution
		SolutionGuid = {7ED0E640-9C01-43EF-A185-6C72D87C214F}
	EndGlobalSection
EndGlobal
